
Microsoft Visual Studio Solution File, Format Version 12.00
# Visual Studio Version 17
VisualStudioVersion = 17.7.33711.374
MinimumVisualStudioVersion = 10.0.40219.1
Project("{2150E333-8FDC-42A3-9474-1A3956D46DE8}") = "FrontEnd", "FrontEnd", "{B8242229-16FE-44C6-A67F-31FACC64D57F}"
EndProject
Project("{2150E333-8FDC-42A3-9474-1A3956D46DE8}") = "Gateway", "Gateway", "{50E9EAE9-A893-483E-83B8-3FA893320839}"
EndProject
Project("{2150E333-8FDC-42A3-9474-1A3956D46DE8}") = "Integration", "Integration", "{9AF4E702-5B1A-4A77-811F-F94F2D2AECD8}"
EndProject
Project("{2150E333-8FDC-42A3-9474-1A3956D46DE8}") = "Services", "Services", "{5F9E85B5-E5ED-47EB-957F-8E16D30784A6}"
EndProject
Project("{9A19103F-16F7-4668-BE54-9A1E7A4F7556}") = "Mango.Services.CouponAPI", "Mango.Services.CouponAPI\Mango.Services.CouponAPI.csproj", "{E72079B4-2402-4F6E-9423-BC1EDDC3D803}"
EndProject
Project("{9A19103F-16F7-4668-BE54-9A1E7A4F7556}") = "Mango.Web", "Mango.Web\Mango.Web.csproj", "{15DAEAC0-ECA1-4E90-B434-57945E4BD847}"
EndProject
Project("{9A19103F-16F7-4668-BE54-9A1E7A4F7556}") = "Mango.Services.AuthAPI", "Mango.Services.AuthAPI\Mango.Services.AuthAPI.csproj", "{F3DF7E73-AD68-416F-A631-C8CCEE03DC12}"
EndProject
Project("{9A19103F-16F7-4668-BE54-9A1E7A4F7556}") = "Mango.Services.ProductAPI", "Mango.Services.ProductAPI\Mango.Services.ProductAPI.csproj", "{8F0EFC6D-9602-4202-AF8F-FF9B583F6105}"
EndProject
Project("{9A19103F-16F7-4668-BE54-9A1E7A4F7556}") = "Mango.Services.ShoppingCartAPI", "Mango.Services.ShoppingCartAPI\Mango.Services.ShoppingCartAPI.csproj", "{8C5F637F-27DB-4B53-BD54-969859E5AFD7}"
EndProject
Project("{9A19103F-16F7-4668-BE54-9A1E7A4F7556}") = "Mango.MessageBus", "Mango.MessageBus\Mango.MessageBus.csproj", "{6FB66B67-0AE3-4A94-AE06-04A84DDD8ABA}"
EndProject
Project("{9A19103F-16F7-4668-BE54-9A1E7A4F7556}") = "Mango.Services.EmailAPI", "Mango.Services.EmailAPI\Mango.Services.EmailAPI.csproj", "{8CF4B18F-63E7-4429-94A9-6DCFFD270CE7}"
EndProject
Project("{FAE04EC0-301F-11D3-BF4B-00C04F79EFBC}") = "Mango.Services.OrderAPI", "Mango.Services.OrderAPI\Mango.Services.OrderAPI.csproj", "{5F1C2D78-DE33-4CAE-8F44-588EE33299FC}"
EndProject
Global
	GlobalSection(SolutionConfigurationPlatforms) = preSolution
		Debug|Any CPU = Debug|Any CPU
		Release|Any CPU = Release|Any CPU
	EndGlobalSection
	GlobalSection(ProjectConfigurationPlatforms) = postSolution
		{E72079B4-2402-4F6E-9423-BC1EDDC3D803}.Debug|Any CPU.ActiveCfg = Debug|Any CPU
		{E72079B4-2402-4F6E-9423-BC1EDDC3D803}.Debug|Any CPU.Build.0 = Debug|Any CPU
		{E72079B4-2402-4F6E-9423-BC1EDDC3D803}.Release|Any CPU.ActiveCfg = Release|Any CPU
		{E72079B4-2402-4F6E-9423-BC1EDDC3D803}.Release|Any CPU.Build.0 = Release|Any CPU
		{15DAEAC0-ECA1-4E90-B434-57945E4BD847}.Debug|Any CPU.ActiveCfg = Debug|Any CPU
		{15DAEAC0-ECA1-4E90-B434-57945E4BD847}.Debug|Any CPU.Build.0 = Debug|Any CPU
		{15DAEAC0-ECA1-4E90-B434-57945E4BD847}.Release|Any CPU.ActiveCfg = Release|Any CPU
		{15DAEAC0-ECA1-4E90-B434-57945E4BD847}.Release|Any CPU.Build.0 = Release|Any CPU
		{F3DF7E73-AD68-416F-A631-C8CCEE03DC12}.Debug|Any CPU.ActiveCfg = Debug|Any CPU
		{F3DF7E73-AD68-416F-A631-C8CCEE03DC12}.Debug|Any CPU.Build.0 = Debug|Any CPU
		{F3DF7E73-AD68-416F-A631-C8CCEE03DC12}.Release|Any CPU.ActiveCfg = Release|Any CPU
		{F3DF7E73-AD68-416F-A631-C8CCEE03DC12}.Release|Any CPU.Build.0 = Release|Any CPU
		{8F0EFC6D-9602-4202-AF8F-FF9B583F6105}.Debug|Any CPU.ActiveCfg = Debug|Any CPU
		{8F0EFC6D-9602-4202-AF8F-FF9B583F6105}.Debug|Any CPU.Build.0 = Debug|Any CPU
		{8F0EFC6D-9602-4202-AF8F-FF9B583F6105}.Release|Any CPU.ActiveCfg = Release|Any CPU
		{8F0EFC6D-9602-4202-AF8F-FF9B583F6105}.Release|Any CPU.Build.0 = Release|Any CPU
		{8C5F637F-27DB-4B53-BD54-969859E5AFD7}.Debug|Any CPU.ActiveCfg = Debug|Any CPU
		{8C5F637F-27DB-4B53-BD54-969859E5AFD7}.Debug|Any CPU.Build.0 = Debug|Any CPU
		{8C5F637F-27DB-4B53-BD54-969859E5AFD7}.Release|Any CPU.ActiveCfg = Release|Any CPU
		{8C5F637F-27DB-4B53-BD54-969859E5AFD7}.Release|Any CPU.Build.0 = Release|Any CPU
		{6FB66B67-0AE3-4A94-AE06-04A84DDD8ABA}.Debug|Any CPU.ActiveCfg = Debug|Any CPU
		{6FB66B67-0AE3-4A94-AE06-04A84DDD8ABA}.Debug|Any CPU.Build.0 = Debug|Any CPU
		{6FB66B67-0AE3-4A94-AE06-04A84DDD8ABA}.Release|Any CPU.ActiveCfg = Release|Any CPU
		{6FB66B67-0AE3-4A94-AE06-04A84DDD8ABA}.Release|Any CPU.Build.0 = Release|Any CPU
		{8CF4B18F-63E7-4429-94A9-6DCFFD270CE7}.Debug|Any CPU.ActiveCfg = Debug|Any CPU
		{8CF4B18F-63E7-4429-94A9-6DCFFD270CE7}.Debug|Any CPU.Build.0 = Debug|Any CPU
		{8CF4B18F-63E7-4429-94A9-6DCFFD270CE7}.Release|Any CPU.ActiveCfg = Release|Any CPU
		{8CF4B18F-63E7-4429-94A9-6DCFFD270CE7}.Release|Any CPU.Build.0 = Release|Any CPU
		{5F1C2D78-DE33-4CAE-8F44-588EE33299FC}.Debug|Any CPU.ActiveCfg = Debug|Any CPU
		{5F1C2D78-DE33-4CAE-8F44-588EE33299FC}.Debug|Any CPU.Build.0 = Debug|Any CPU
		{5F1C2D78-DE33-4CAE-8F44-588EE33299FC}.Release|Any CPU.ActiveCfg = Release|Any CPU
		{5F1C2D78-DE33-4CAE-8F44-588EE33299FC}.Release|Any CPU.Build.0 = Release|Any CPU
	EndGlobalSection
	GlobalSection(SolutionProperties) = preSolution
		HideSolutionNode = FALSE
	EndGlobalSection
	GlobalSection(NestedProjects) = preSolution
		{E72079B4-2402-4F6E-9423-BC1EDDC3D803} = {5F9E85B5-E5ED-47EB-957F-8E16D30784A6}
		{15DAEAC0-ECA1-4E90-B434-57945E4BD847} = {B8242229-16FE-44C6-A67F-31FACC64D57F}
		{F3DF7E73-AD68-416F-A631-C8CCEE03DC12} = {5F9E85B5-E5ED-47EB-957F-8E16D30784A6}
		{8F0EFC6D-9602-4202-AF8F-FF9B583F6105} = {5F9E85B5-E5ED-47EB-957F-8E16D30784A6}
		{8C5F637F-27DB-4B53-BD54-969859E5AFD7} = {5F9E85B5-E5ED-47EB-957F-8E16D30784A6}
		{6FB66B67-0AE3-4A94-AE06-04A84DDD8ABA} = {9AF4E702-5B1A-4A77-811F-F94F2D2AECD8}
		{8CF4B18F-63E7-4429-94A9-6DCFFD270CE7} = {5F9E85B5-E5ED-47EB-957F-8E16D30784A6}
		{5F1C2D78-DE33-4CAE-8F44-588EE33299FC} = {5F9E85B5-E5ED-47EB-957F-8E16D30784A6}
	EndGlobalSection
	GlobalSection(ExtensibilityGlobals) = postSolution
		SolutionGuid = {CBE02E24-3301-45AD-962E-882AE4209208}
	EndGlobalSection
EndGlobal
